
Microsoft Visual Studio Solution File, Format Version 12.00
# Visual Studio Version 16
VisualStudioVersion = 16.0.30011.22
MinimumVisualStudioVersion = 10.0.40219.1
Project("{9A19103F-16F7-4668-BE54-9A1E7A4F7556}") = "HateoasNet", "HateoasNet\HateoasNet.csproj", "{B54DE20A-FDDC-49DF-878E-9A8D4B7D973B}"
EndProject
Project("{9A19103F-16F7-4668-BE54-9A1E7A4F7556}") = "HateoasNet.Core.Sample", "HateoasNet.Core.Sample\HateoasNet.Core.Sample.csproj", "{B73AAD1D-9956-485C-9720-6149F6FD8CD5}"
EndProject
Project("{FAE04EC0-301F-11D3-BF4B-00C04F79EFBC}") = "HateoasNet.Framework.Sample", "HateoasNet.Framework.Sample\HateoasNet.Framework.Sample.csproj", "{2AD61D75-2DD0-492D-B9DB-61DCFBD99931}"
EndProject
Project("{9A19103F-16F7-4668-BE54-9A1E7A4F7556}") = "HateoasNet.Tests", "HateoasNet.Tests\HateoasNet.Tests.csproj", "{FF568622-9ACE-4361-A7F3-882AD0DBCF4A}"
EndProject
Global
	GlobalSection(SolutionConfigurationPlatforms) = preSolution
		Debug|Any CPU = Debug|Any CPU
		Release|Any CPU = Release|Any CPU
	EndGlobalSection
	GlobalSection(ProjectConfigurationPlatforms) = postSolution
		{B54DE20A-FDDC-49DF-878E-9A8D4B7D973B}.Debug|Any CPU.ActiveCfg = Debug|Any CPU
		{B54DE20A-FDDC-49DF-878E-9A8D4B7D973B}.Debug|Any CPU.Build.0 = Debug|Any CPU
		{B54DE20A-FDDC-49DF-878E-9A8D4B7D973B}.Release|Any CPU.ActiveCfg = Release|Any CPU
		{B54DE20A-FDDC-49DF-878E-9A8D4B7D973B}.Release|Any CPU.Build.0 = Release|Any CPU
		{B73AAD1D-9956-485C-9720-6149F6FD8CD5}.Debug|Any CPU.ActiveCfg = Debug|Any CPU
		{B73AAD1D-9956-485C-9720-6149F6FD8CD5}.Debug|Any CPU.Build.0 = Debug|Any CPU
		{B73AAD1D-9956-485C-9720-6149F6FD8CD5}.Release|Any CPU.ActiveCfg = Release|Any CPU
		{B73AAD1D-9956-485C-9720-6149F6FD8CD5}.Release|Any CPU.Build.0 = Release|Any CPU
		{2AD61D75-2DD0-492D-B9DB-61DCFBD99931}.Debug|Any CPU.ActiveCfg = Debug|Any CPU
		{2AD61D75-2DD0-492D-B9DB-61DCFBD99931}.Debug|Any CPU.Build.0 = Debug|Any CPU
		{2AD61D75-2DD0-492D-B9DB-61DCFBD99931}.Release|Any CPU.ActiveCfg = Release|Any CPU
		{2AD61D75-2DD0-492D-B9DB-61DCFBD99931}.Release|Any CPU.Build.0 = Release|Any CPU
		{FF568622-9ACE-4361-A7F3-882AD0DBCF4A}.Debug|Any CPU.ActiveCfg = Debug|Any CPU
		{FF568622-9ACE-4361-A7F3-882AD0DBCF4A}.Debug|Any CPU.Build.0 = Debug|Any CPU
		{FF568622-9ACE-4361-A7F3-882AD0DBCF4A}.Release|Any CPU.ActiveCfg = Release|Any CPU
		{FF568622-9ACE-4361-A7F3-882AD0DBCF4A}.Release|Any CPU.Build.0 = Release|Any CPU
	EndGlobalSection
	GlobalSection(SolutionProperties) = preSolution
		HideSolutionNode = FALSE
	EndGlobalSection
	GlobalSection(ExtensibilityGlobals) = postSolution
		SolutionGuid = {B7396F5B-122C-46B9-829B-8EC8707864C3}
	EndGlobalSection
EndGlobal
